{
  "name": "node-workspace-graph",
  "lockfileVersion": 3,
  "requires": true,
  "packages": {
    "": {
      "name": "node-workspace-graph",
      "workspaces": [
        "packages/app",
        "packages/lib",
        "packages/unused"
      ]
    },
    "packages/app": {
      "name": "@sample/app",
      "version": "0.0.0"
    },
    "packages/lib": {
      "name": "@sample/lib",
      "version": "0.0.0"
    },
    "packages/unused": {
      "name": "@sample/unused",
      "version": "0.0.0"
    }
  }
}
